
Microsoft Visual Studio Solution File, Format Version 12.00
# Visual Studio Version 17
VisualStudioVersion = 17.7.34221.43
MinimumVisualStudioVersion = 10.0.40219.1
Project("{FAE04EC0-301F-11D3-BF4B-00C04F79EFBC}") = "maze_cs", "maze_cs\maze_cs.csproj", "{F6435F9D-55A4-453E-806B-21B619BE9965}"
EndProject
Global
	GlobalSection(SolutionConfigurationPlatforms) = preSolution
		Debug|Any CPU = Debug|Any CPU
		Release|Any CPU = Release|Any CPU
	EndGlobalSection
	GlobalSection(ProjectConfigurationPlatforms) = postSolution
		{F6435F9D-55A4-453E-806B-21B619BE9965}.Debug|Any CPU.ActiveCfg = Debug|Any CPU
		{F6435F9D-55A4-453E-806B-21B619BE9965}.Debug|Any CPU.Build.0 = Debug|Any CPU
		{F6435F9D-55A4-453E-806B-21B619BE9965}.Release|Any CPU.ActiveCfg = Release|Any CPU
		{F6435F9D-55A4-453E-806B-21B619BE9965}.Release|Any CPU.Build.0 = Release|Any CPU
	EndGlobalSection
	GlobalSection(SolutionProperties) = preSolution
		HideSolutionNode = FALSE
	EndGlobalSection
	GlobalSection(ExtensibilityGlobals) = postSolution
		SolutionGuid = {17C898CD-5F15-4C72-B7BC-AC358B9FB655}
	EndGlobalSection
EndGlobal
